
Microsoft Visual Studio Solution File, Format Version 12.00
# Visual Studio Version 16
VisualStudioVersion = 16.0.29728.190
MinimumVisualStudioVersion = 10.0.40219.1
Project("{FAE04EC0-301F-11D3-BF4B-00C04F79EFBC}") = "zjazd-11", "zjazd-11\zjazd-11.csproj", "{C4BF2A77-76E2-496F-80D4-D0F52BF6FB8F}"
EndProject
Global
	GlobalSection(SolutionConfigurationPlatforms) = preSolution
		Debug|Any CPU = Debug|Any CPU
		Release|Any CPU = Release|Any CPU
	EndGlobalSection
	GlobalSection(ProjectConfigurationPlatforms) = postSolution
		{C4BF2A77-76E2-496F-80D4-D0F52BF6FB8F}.Debug|Any CPU.ActiveCfg = Debug|Any CPU
		{C4BF2A77-76E2-496F-80D4-D0F52BF6FB8F}.Debug|Any CPU.Build.0 = Debug|Any CPU
		{C4BF2A77-76E2-496F-80D4-D0F52BF6FB8F}.Release|Any CPU.ActiveCfg = Release|Any CPU
		{C4BF2A77-76E2-496F-80D4-D0F52BF6FB8F}.Release|Any CPU.Build.0 = Release|Any CPU
	EndGlobalSection
	GlobalSection(SolutionProperties) = preSolution
		HideSolutionNode = FALSE
	EndGlobalSection
	GlobalSection(ExtensibilityGlobals) = postSolution
		SolutionGuid = {9F32ABFE-BEF8-4688-BD53-073CD913FE07}
	EndGlobalSection
EndGlobal
